
Microsoft Visual Studio Solution File, Format Version 12.00
# Visual Studio Version 16
VisualStudioVersion = 16.0.30621.155
MinimumVisualStudioVersion = 10.0.40219.1
Project("{FAE04EC0-301F-11D3-BF4B-00C04F79EFBC}") = "RedCrossItCheckingSystem", "RedCrossItCheckingSystem.csproj", "{B3E75754-0B8B-478A-B3E5-D7B4A7063F2B}"
EndProject
Global
	GlobalSection(SolutionConfigurationPlatforms) = preSolution
		Debug|Any CPU = Debug|Any CPU
		Release|Any CPU = Release|Any CPU
	EndGlobalSection
	GlobalSection(ProjectConfigurationPlatforms) = postSolution
		{B3E75754-0B8B-478A-B3E5-D7B4A7063F2B}.Debug|Any CPU.ActiveCfg = Debug|Any CPU
		{B3E75754-0B8B-478A-B3E5-D7B4A7063F2B}.Debug|Any CPU.Build.0 = Debug|Any CPU
		{B3E75754-0B8B-478A-B3E5-D7B4A7063F2B}.Release|Any CPU.ActiveCfg = Release|Any CPU
		{B3E75754-0B8B-478A-B3E5-D7B4A7063F2B}.Release|Any CPU.Build.0 = Release|Any CPU
	EndGlobalSection
	GlobalSection(SolutionProperties) = preSolution
		HideSolutionNode = FALSE
	EndGlobalSection
	GlobalSection(ExtensibilityGlobals) = postSolution
		SolutionGuid = {84B7F54E-DFF1-4973-A9DD-D65E64E2CF50}
	EndGlobalSection
EndGlobal
